// !$*UTF8*$!
{
	archiveVersion = 1;
	classes = {
	};
	objectVersion = 50;
	objects = {

/* Begin PBXBuildFile section */
		C83BBE2D2268312400C586BF /* NSObject+Common.m in Sources */ = {isa = PBXBuildFile; fileRef = C83BBE2C2268312400C586BF /* NSObject+Common.m */; };
		C8701A56226C327900F4F750 /* AdsorbFollowLayout.m in Sources */ = {isa = PBXBuildFile; fileRef = C8701A55226C327900F4F750 /* AdsorbFollowLayout.m */; };
		C87BA43322649840004BE018 /* AppDelegate.m in Sources */ = {isa = PBXBuildFile; fileRef = C87BA43222649840004BE018 /* AppDelegate.m */; };
		C87BA43622649840004BE018 /* ViewController.m in Sources */ = {isa = PBXBuildFile; fileRef = C87BA43522649840004BE018 /* ViewController.m */; };
		C87BA43922649840004BE018 /* Main.storyboard in Resources */ = {isa = PBXBuildFile; fileRef = C87BA43722649840004BE018 /* Main.storyboard */; };
		C87BA43B22649841004BE018 /* Assets.xcassets in Resources */ = {isa = PBXBuildFile; fileRef = C87BA43A22649841004BE018 /* Assets.xcassets */; };
		C87BA43E22649841004BE018 /* LaunchScreen.storyboard in Resources */ = {isa = PBXBuildFile; fileRef = C87BA43C22649841004BE018 /* LaunchScreen.storyboard */; };
		C87BA44122649841004BE018 /* main.m in Sources */ = {isa = PBXBuildFile; fileRef = C87BA44022649841004BE018 /* main.m */; };
		C87BA44922649867004BE018 /* OperationView.m in Sources */ = {isa = PBXBuildFile; fileRef = C87BA44822649867004BE018 /* OperationView.m */; };
		C87BA4932264990A004BE018 /* indonesia.jpg in Resources */ = {isa = PBXBuildFile; fileRef = C87BA48A22649909004BE018 /* indonesia.jpg */; };
		C87BA4942264990A004BE018 /* beach.jpg in Resources */ = {isa = PBXBuildFile; fileRef = C87BA48B22649909004BE018 /* beach.jpg */; };
		C87BA4952264990A004BE018 /* rotterdam.jpg in Resources */ = {isa = PBXBuildFile; fileRef = C87BA48C2264990A004BE018 /* rotterdam.jpg */; };
		C87BA4962264990A004BE018 /* australia.jpg in Resources */ = {isa = PBXBuildFile; fileRef = C87BA48D2264990A004BE018 /* australia.jpg */; };
		C87BA4972264990A004BE018 /* montain.jpg in Resources */ = {isa = PBXBuildFile; fileRef = C87BA48E2264990A004BE018 /* montain.jpg */; };
		C87BA4982264990A004BE018 /* seattle.jpg in Resources */ = {isa = PBXBuildFile; fileRef = C87BA48F2264990A004BE018 /* seattle.jpg */; };
		C87BA4992264990A004BE018 /* hands.jpg in Resources */ = {isa = PBXBuildFile; fileRef = C87BA4902264990A004BE018 /* hands.jpg */; };
		C87BA49A2264990A004BE018 /* building.jpg in Resources */ = {isa = PBXBuildFile; fileRef = C87BA4912264990A004BE018 /* building.jpg */; };
		C87BA49B2264990A004BE018 /* nyc.jpg in Resources */ = {isa = PBXBuildFile; fileRef = C87BA4922264990A004BE018 /* nyc.jpg */; };
		C87BA49D22649953004BE018 /* photos.json in Resources */ = {isa = PBXBuildFile; fileRef = C87BA49C22649953004BE018 /* photos.json */; };
		C87BA4A02264997E004BE018 /* CommonCell.m in Sources */ = {isa = PBXBuildFile; fileRef = C87BA49F2264997E004BE018 /* CommonCell.m */; };
		C87BA4A32264A833004BE018 /* CustomCollectionView.m in Sources */ = {isa = PBXBuildFile; fileRef = C87BA4A22264A833004BE018 /* CustomCollectionView.m */; };
		C8D44F5B226A1B88005F43D0 /* RoundFlowLayout.m in Sources */ = {isa = PBXBuildFile; fileRef = C8D44F5A226A1B88005F43D0 /* RoundFlowLayout.m */; };
/* End PBXBuildFile section */

/* Begin PBXFileReference section */
		C83BBE2B2268312400C586BF /* NSObject+Common.h */ = {isa = PBXFileReference; lastKnownFileType = sourcecode.c.h; path = "NSObject+Common.h"; sourceTree = "<group>"; };
		C83BBE2C2268312400C586BF /* NSObject+Common.m */ = {isa = PBXFileReference; lastKnownFileType = sourcecode.c.objc; path = "NSObject+Common.m"; sourceTree = "<group>"; };
		C8701A54226C327900F4F750 /* AdsorbFollowLayout.h */ = {isa = PBXFileReference; lastKnownFileType = sourcecode.c.h; path = AdsorbFollowLayout.h; sourceTree = "<group>"; };
		C8701A55226C327900F4F750 /* AdsorbFollowLayout.m */ = {isa = PBXFileReference; lastKnownFileType = sourcecode.c.objc; path = AdsorbFollowLayout.m; sourceTree = "<group>"; };
		C87BA42E22649840004BE018 /* Operaion.app */ = {isa = PBXFileReference; explicitFileType = wrapper.application; includeInIndex = 0; path = Operaion.app; sourceTree = BUILT_PRODUCTS_DIR; };
		C87BA43122649840004BE018 /* AppDelegate.h */ = {isa = PBXFileReference; lastKnownFileType = sourcecode.c.h; path = AppDelegate.h; sourceTree = "<group>"; };
		C87BA43222649840004BE018 /* AppDelegate.m */ = {isa = PBXFileReference; lastKnownFileType = sourcecode.c.objc; path = AppDelegate.m; sourceTree = "<group>"; };
		C87BA43422649840004BE018 /* ViewController.h */ = {isa = PBXFileReference; lastKnownFileType = sourcecode.c.h; path = ViewController.h; sourceTree = "<group>"; };
		C87BA43522649840004BE018 /* ViewController.m */ = {isa = PBXFileReference; lastKnownFileType = sourcecode.c.objc; path = ViewController.m; sourceTree = "<group>"; };
		C87BA43822649840004BE018 /* Base */ = {isa = PBXFileReference; lastKnownFileType = file.storyboard; name = Base; path = Base.lproj/Main.storyboard; sourceTree = "<group>"; };
		C87BA43A22649841004BE018 /* Assets.xcassets */ = {isa = PBXFileReference; lastKnownFileType = folder.assetcatalog; path = Assets.xcassets; sourceTree = "<group>"; };
		C87BA43D22649841004BE018 /* Base */ = {isa = PBXFileReference; lastKnownFileType = file.storyboard; name = Base; path = Base.lproj/LaunchScreen.storyboard; sourceTree = "<group>"; };
		C87BA43F22649841004BE018 /* Info.plist */ = {isa = PBXFileReference; lastKnownFileType = text.plist.xml; path = Info.plist; sourceTree = "<group>"; };
		C87BA44022649841004BE018 /* main.m */ = {isa = PBXFileReference; lastKnownFileType = sourcecode.c.objc; path = main.m; sourceTree = "<group>"; };
		C87BA44722649867004BE018 /* OperationView.h */ = {isa = PBXFileReference; lastKnownFileType = sourcecode.c.h; path = OperationView.h; sourceTree = "<group>"; };
		C87BA44822649867004BE018 /* OperationView.m */ = {isa = PBXFileReference; lastKnownFileType = sourcecode.c.objc; path = OperationView.m; sourceTree = "<group>"; };
		C87BA48A22649909004BE018 /* indonesia.jpg */ = {isa = PBXFileReference; lastKnownFileType = image.jpeg; path = indonesia.jpg; sourceTree = "<group>"; };
		C87BA48B22649909004BE018 /* beach.jpg */ = {isa = PBXFileReference; lastKnownFileType = image.jpeg; path = beach.jpg; sourceTree = "<group>"; };
		C87BA48C2264990A004BE018 /* rotterdam.jpg */ = {isa = PBXFileReference; lastKnownFileType = image.jpeg; path = rotterdam.jpg; sourceTree = "<group>"; };
		C87BA48D2264990A004BE018 /* australia.jpg */ = {isa = PBXFileReference; lastKnownFileType = image.jpeg; path = australia.jpg; sourceTree = "<group>"; };
		C87BA48E2264990A004BE018 /* montain.jpg */ = {isa = PBXFileReference; lastKnownFileType = image.jpeg; path = montain.jpg; sourceTree = "<group>"; };
		C87BA48F2264990A004BE018 /* seattle.jpg */ = {isa = PBXFileReference; lastKnownFileType = image.jpeg; path = seattle.jpg; sourceTree = "<group>"; };
		C87BA4902264990A004BE018 /* hands.jpg */ = {isa = PBXFileReference; lastKnownFileType = image.jpeg; path = hands.jpg; sourceTree = "<group>"; };
		C87BA4912264990A004BE018 /* building.jpg */ = {isa = PBXFileReference; lastKnownFileType = image.jpeg; path = building.jpg; sourceTree = "<group>"; };
		C87BA4922264990A004BE018 /* nyc.jpg */ = {isa = PBXFileReference; lastKnownFileType = image.jpeg; path = nyc.jpg; sourceTree = "<group>"; };
		C87BA49C22649953004BE018 /* photos.json */ = {isa = PBXFileReference; fileEncoding = 4; lastKnownFileType = text.json; path = photos.json; sourceTree = "<group>"; };
		C87BA49E2264997E004BE018 /* CommonCell.h */ = {isa = PBXFileReference; lastKnownFileType = sourcecode.c.h; path = CommonCell.h; sourceTree = "<group>"; };
		C87BA49F2264997E004BE018 /* CommonCell.m */ = {isa = PBXFileReference; lastKnownFileType = sourcecode.c.objc; path = CommonCell.m; sourceTree = "<group>"; };
		C87BA4A12264A833004BE018 /* CustomCollectionView.h */ = {isa = PBXFileReference; lastKnownFileType = sourcecode.c.h; path = CustomCollectionView.h; sourceTree = "<group>"; };
		C87BA4A22264A833004BE018 /* CustomCollectionView.m */ = {isa = PBXFileReference; lastKnownFileType = sourcecode.c.objc; path = CustomCollectionView.m; sourceTree = "<group>"; };
		C8D44F59226A1B88005F43D0 /* RoundFlowLayout.h */ = {isa = PBXFileReference; lastKnownFileType = sourcecode.c.h; path = RoundFlowLayout.h; sourceTree = "<group>"; };
		C8D44F5A226A1B88005F43D0 /* RoundFlowLayout.m */ = {isa = PBXFileReference; lastKnownFileType = sourcecode.c.objc; path = RoundFlowLayout.m; sourceTree = "<group>"; };
/* End PBXFileReference section */

/* Begin PBXFrameworksBuildPhase section */
		C87BA42B22649840004BE018 /* Frameworks */ = {
			isa = PBXFrameworksBuildPhase;
			buildActionMask = 2147483647;
			files = (
			);
			runOnlyForDeploymentPostprocessing = 0;
		};
/* End PBXFrameworksBuildPhase section */

/* Begin PBXGroup section */
		C87BA42522649840004BE018 = {
			isa = PBXGroup;
			children = (
				C87BA43022649840004BE018 /* Operaion */,
				C87BA42F22649840004BE018 /* Products */,
			);
			sourceTree = "<group>";
		};
		C87BA42F22649840004BE018 /* Products */ = {
			isa = PBXGroup;
			children = (
				C87BA42E22649840004BE018 /* Operaion.app */,
			);
			name = Products;
			sourceTree = "<group>";
		};
		C87BA43022649840004BE018 /* Operaion */ = {
			isa = PBXGroup;
			children = (
				C87BA489226498EA004BE018 /* Images */,
				C8D44F59226A1B88005F43D0 /* RoundFlowLayout.h */,
				C8D44F5A226A1B88005F43D0 /* RoundFlowLayout.m */,
				C8701A54226C327900F4F750 /* AdsorbFollowLayout.h */,
				C8701A55226C327900F4F750 /* AdsorbFollowLayout.m */,
				C87BA43122649840004BE018 /* AppDelegate.h */,
				C87BA43222649840004BE018 /* AppDelegate.m */,
				C87BA43422649840004BE018 /* ViewController.h */,
				C87BA43522649840004BE018 /* ViewController.m */,
				C87BA44722649867004BE018 /* OperationView.h */,
				C87BA44822649867004BE018 /* OperationView.m */,
				C87BA4A12264A833004BE018 /* CustomCollectionView.h */,
				C87BA4A22264A833004BE018 /* CustomCollectionView.m */,
				C87BA49E2264997E004BE018 /* CommonCell.h */,
				C87BA49F2264997E004BE018 /* CommonCell.m */,
				C83BBE2B2268312400C586BF /* NSObject+Common.h */,
				C83BBE2C2268312400C586BF /* NSObject+Common.m */,
				C87BA43722649840004BE018 /* Main.storyboard */,
				C87BA49C22649953004BE018 /* photos.json */,
				C87BA43A22649841004BE018 /* Assets.xcassets */,
				C87BA43C22649841004BE018 /* LaunchScreen.storyboard */,
				C87BA43F22649841004BE018 /* Info.plist */,
				C87BA44022649841004BE018 /* main.m */,
			);
			path = Operaion;
			sourceTree = "<group>";
		};
		C87BA489226498EA004BE018 /* Images */ = {
			isa = PBXGroup;
			children = (
				C87BA48D2264990A004BE018 /* australia.jpg */,
				C87BA48B22649909004BE018 /* beach.jpg */,
				C87BA4912264990A004BE018 /* building.jpg */,
				C87BA4902264990A004BE018 /* hands.jpg */,
				C87BA48A22649909004BE018 /* indonesia.jpg */,
				C87BA48E2264990A004BE018 /* montain.jpg */,
				C87BA4922264990A004BE018 /* nyc.jpg */,
				C87BA48C2264990A004BE018 /* rotterdam.jpg */,
				C87BA48F2264990A004BE018 /* seattle.jpg */,
			);
			path = Images;
			sourceTree = "<group>";
		};
/* End PBXGroup section */

/* Begin PBXNativeTarget section */
		C87BA42D22649840004BE018 /* Operaion */ = {
			isa = PBXNativeTarget;
			buildConfigurationList = C87BA44422649841004BE018 /* Build configuration list for PBXNativeTarget "Operaion" */;
			buildPhases = (
				C87BA42A22649840004BE018 /* Sources */,
				C87BA42B22649840004BE018 /* Frameworks */,
				C87BA42C22649840004BE018 /* Resources */,
			);
			buildRules = (
			);
			dependencies = (
			);
			name = Operaion;
			productName = Operaion;
			productReference = C87BA42E22649840004BE018 /* Operaion.app */;
			productType = "com.apple.product-type.application";
		};
/* End PBXNativeTarget section */

/* Begin PBXProject section */
		C87BA42622649840004BE018 /* Project object */ = {
			isa = PBXProject;
			attributes = {
				LastUpgradeCheck = 1020;
				ORGANIZATIONNAME = "冯龙飞";
				TargetAttributes = {
					C87BA42D22649840004BE018 = {
						CreatedOnToolsVersion = 10.2;
					};
				};
			};
			buildConfigurationList = C87BA42922649840004BE018 /* Build configuration list for PBXProject "Operaion" */;
			compatibilityVersion = "Xcode 9.3";
			developmentRegion = en;
			hasScannedForEncodings = 0;
			knownRegions = (
				en,
				Base,
			);
			mainGroup = C87BA42522649840004BE018;
			productRefGroup = C87BA42F22649840004BE018 /* Products */;
			projectDirPath = "";
			projectRoot = "";
			targets = (
				C87BA42D22649840004BE018 /* Operaion */,
			);
		};
/* End PBXProject section */

/* Begin PBXResourcesBuildPhase section */
		C87BA42C22649840004BE018 /* Resources */ = {
			isa = PBXResourcesBuildPhase;
			buildActionMask = 2147483647;
			files = (
				C87BA49B2264990A004BE018 /* nyc.jpg in Resources */,
				C87BA49A2264990A004BE018 /* building.jpg in Resources */,
				C87BA4992264990A004BE018 /* hands.jpg in Resources */,
				C87BA4972264990A004BE018 /* montain.jpg in Resources */,
				C87BA4962264990A004BE018 /* australia.jpg in Resources */,
				C87BA4952264990A004BE018 /* rotterdam.jpg in Resources */,
				C87BA43E22649841004BE018 /* LaunchScreen.storyboard in Resources */,
				C87BA4942264990A004BE018 /* beach.jpg in Resources */,
				C87BA4982264990A004BE018 /* seattle.jpg in Resources */,
				C87BA43B22649841004BE018 /* Assets.xcassets in Resources */,
				C87BA4932264990A004BE018 /* indonesia.jpg in Resources */,
				C87BA49D22649953004BE018 /* photos.json in Resources */,
				C87BA43922649840004BE018 /* Main.storyboard in Resources */,
			);
			runOnlyForDeploymentPostprocessing = 0;
		};
/* End PBXResourcesBuildPhase section */

/* Begin PBXSourcesBuildPhase section */
		C87BA42A22649840004BE018 /* Sources */ = {
			isa = PBXSourcesBuildPhase;
			buildActionMask = 2147483647;
			files = (
				C83BBE2D2268312400C586BF /* NSObject+Common.m in Sources */,
				C87BA43622649840004BE018 /* ViewController.m in Sources */,
				C87BA44122649841004BE018 /* main.m in Sources */,
				C8D44F5B226A1B88005F43D0 /* RoundFlowLayout.m in Sources */,
				C87BA44922649867004BE018 /* OperationView.m in Sources */,
				C87BA4A02264997E004BE018 /* CommonCell.m in Sources */,
				C87BA4A32264A833004BE018 /* CustomCollectionView.m in Sources */,
				C8701A56226C327900F4F750 /* AdsorbFollowLayout.m in Sources */,
				C87BA43322649840004BE018 /* AppDelegate.m in Sources */,
			);
			runOnlyForDeploymentPostprocessing = 0;
		};
/* End PBXSourcesBuildPhase section */

/* Begin PBXVariantGroup section */
		C87BA43722649840004BE018 /* Main.storyboard */ = {
			isa = PBXVariantGroup;
			children = (
				C87BA43822649840004BE018 /* Base */,
			);
			name = Main.storyboard;
			sourceTree = "<group>";
		};
		C87BA43C22649841004BE018 /* LaunchScreen.storyboard */ = {
			isa = PBXVariantGroup;
			children = (
				C87BA43D22649841004BE018 /* Base */,
			);
			name = LaunchScreen.storyboard;
			sourceTree = "<group>";
		};
/* End PBXVariantGroup section */

/* Begin XCBuildConfiguration section */
		C87BA44222649841004BE018 /* Debug */ = {
			isa = XCBuildConfiguration;
			buildSettings = {
				ALWAYS_SEARCH_USER_PATHS = NO;
				CLANG_ANALYZER_NONNULL = YES;
				CLANG_ANALYZER_NUMBER_OBJECT_CONVERSION = YES_AGGRESSIVE;
				CLANG_CXX_LANGUAGE_STANDARD = "gnu++14";
				CLANG_CXX_LIBRARY = "libc++";
				CLANG_ENABLE_MODULES = YES;
				CLANG_ENABLE_OBJC_ARC = YES;
				CLANG_ENABLE_OBJC_WEAK = YES;
				CLANG_WARN_BLOCK_CAPTURE_AUTORELEASING = YES;
				CLANG_WARN_BOOL_CONVERSION = YES;
				CLANG_WARN_COMMA = YES;
				CLANG_WARN_CONSTANT_CONVERSION = YES;
				CLANG_WARN_DEPRECATED_OBJC_IMPLEMENTATIONS = YES;
				CLANG_WARN_DIRECT_OBJC_ISA_USAGE = YES_ERROR;
				CLANG_WARN_DOCUMENTATION_COMMENTS = YES;
				CLANG_WARN_EMPTY_BODY = YES;
				CLANG_WARN_ENUM_CONVERSION = YES;
				CLANG_WARN_INFINITE_RECURSION = YES;
				CLANG_WARN_INT_CONVERSION = YES;
				CLANG_WARN_NON_LITERAL_NULL_CONVERSION = YES;
				CLANG_WARN_OBJC_IMPLICIT_RETAIN_SELF = YES;
				CLANG_WARN_OBJC_LITERAL_CONVERSION = YES;
				CLANG_WARN_OBJC_ROOT_CLASS = YES_ERROR;
				CLANG_WARN_RANGE_LOOP_ANALYSIS = YES;
				CLANG_WARN_STRICT_PROTOTYPES = YES;
				CLANG_WARN_SUSPICIOUS_MOVE = YES;
				CLANG_WARN_UNGUARDED_AVAILABILITY = YES_AGGRESSIVE;
				CLANG_WARN_UNREACHABLE_CODE = YES;
				CLANG_WARN__DUPLICATE_METHOD_MATCH = YES;
				CODE_SIGN_IDENTITY = "iPhone Developer";
				COPY_PHASE_STRIP = NO;
				DEBUG_INFORMATION_FORMAT = dwarf;
				ENABLE_STRICT_OBJC_MSGSEND = YES;
				ENABLE_TESTABILITY = YES;
				GCC_C_LANGUAGE_STANDARD = gnu11;
				GCC_DYNAMIC_NO_PIC = NO;
				GCC_NO_COMMON_BLOCKS = YES;
				GCC_OPTIMIZATION_LEVEL = 0;
				GCC_PREPROCESSOR_DEFINITIONS = (
					"DEBUG=1",
					"$(inherited)",
				);
				GCC_WARN_64_TO_32_BIT_CONVERSION = YES;
				GCC_WARN_ABOUT_RETURN_TYPE = YES_ERROR;
				GCC_WARN_UNDECLARED_SELECTOR = YES;
				GCC_WARN_UNINITIALIZED_AUTOS = YES_AGGRESSIVE;
				GCC_WARN_UNUSED_FUNCTION = YES;
				GCC_WARN_UNUSED_VARIABLE = YES;
				IPHONEOS_DEPLOYMENT_TARGET = 12.2;
				MTL_ENABLE_DEBUG_INFO = INCLUDE_SOURCE;
				MTL_FAST_MATH = YES;
				ONLY_ACTIVE_ARCH = YES;
				SDKROOT = iphoneos;
			};
			name = Debug;
		};
		C87BA44322649841004BE018 /* Release */ = {
			isa = XCBuildConfiguration;
			buildSettings = {
				ALWAYS_SEARCH_USER_PATHS = NO;
				CLANG_ANALYZER_NONNULL = YES;
				CLANG_ANALYZER_NUMBER_OBJECT_CONVERSION = YES_AGGRESSIVE;
				CLANG_CXX_LANGUAGE_STANDARD = "gnu++14";
				CLANG_CXX_LIBRARY = "libc++";
				CLANG_ENABLE_MODULES = YES;
				CLANG_ENABLE_OBJC_ARC = YES;
				CLANG_ENABLE_OBJC_WEAK = YES;
				CLANG_WARN_BLOCK_CAPTURE_AUTORELEASING = YES;
				CLANG_WARN_BOOL_CONVERSION = YES;
				CLANG_WARN_COMMA = YES;
				CLANG_WARN_CONSTANT_CONVERSION = YES;
				CLANG_WARN_DEPRECATED_OBJC_IMPLEMENTATIONS = YES;
				CLANG_WARN_DIRECT_OBJC_ISA_USAGE = YES_ERROR;
				CLANG_WARN_DOCUMENTATION_COMMENTS = YES;
				CLANG_WARN_EMPTY_BODY = YES;
				CLANG_WARN_ENUM_CONVERSION = YES;
				CLANG_WARN_INFINITE_RECURSION = YES;
				CLANG_WARN_INT_CONVERSION = YES;
				CLANG_WARN_NON_LITERAL_NULL_CONVERSION = YES;
				CLANG_WARN_OBJC_IMPLICIT_RETAIN_SELF = YES;
				CLANG_WARN_OBJC_LITERAL_CONVERSION = YES;
				CLANG_WARN_OBJC_ROOT_CLASS = YES_ERROR;
				CLANG_WARN_RANGE_LOOP_ANALYSIS = YES;
				CLANG_WARN_STRICT_PROTOTYPES = YES;
				CLANG_WARN_SUSPICIOUS_MOVE = YES;
				CLANG_WARN_UNGUARDED_AVAILABILITY = YES_AGGRESSIVE;
				CLANG_WARN_UNREACHABLE_CODE = YES;
				CLANG_WARN__DUPLICATE_METHOD_MATCH = YES;
				CODE_SIGN_IDENTITY = "iPhone Developer";
				COPY_PHASE_STRIP = NO;
				DEBUG_INFORMATION_FORMAT = "dwarf-with-dsym";
				ENABLE_NS_ASSERTIONS = NO;
				ENABLE_STRICT_OBJC_MSGSEND = YES;
				GCC_C_LANGUAGE_STANDARD = gnu11;
				GCC_NO_COMMON_BLOCKS = YES;
				GCC_WARN_64_TO_32_BIT_CONVERSION = YES;
				GCC_WARN_ABOUT_RETURN_TYPE = YES_ERROR;
				GCC_WARN_UNDECLARED_SELECTOR = YES;
				GCC_WARN_UNINITIALIZED_AUTOS = YES_AGGRESSIVE;
				GCC_WARN_UNUSED_FUNCTION = YES;
				GCC_WARN_UNUSED_VARIABLE = YES;
				IPHONEOS_DEPLOYMENT_TARGET = 12.2;
				MTL_ENABLE_DEBUG_INFO = NO;
				MTL_FAST_MATH = YES;
				SDKROOT = iphoneos;
				VALIDATE_PRODUCT = YES;
			};
			name = Release;
		};
		C87BA44522649841004BE018 /* Debug */ = {
			isa = XCBuildConfiguration;
			buildSettings = {
				ASSETCATALOG_COMPILER_APPICON_NAME = AppIcon;
				CODE_SIGN_STYLE = Automatic;
				DEVELOPMENT_TEAM = AZ7RB8C97K;
				INFOPLIST_FILE = Operaion/Info.plist;
				LD_RUNPATH_SEARCH_PATHS = (
					"$(inherited)",
					"@executable_path/Frameworks",
				);
				PRODUCT_BUNDLE_IDENTIFIER = KD.Operaion;
				PRODUCT_NAME = "$(TARGET_NAME)";
				TARGETED_DEVICE_FAMILY = "1,2";
			};
			name = Debug;
		};
		C87BA44622649841004BE018 /* Release */ = {
			isa = XCBuildConfiguration;
			buildSettings = {
				ASSETCATALOG_COMPILER_APPICON_NAME = AppIcon;
				CODE_SIGN_STYLE = Automatic;
				DEVELOPMENT_TEAM = AZ7RB8C97K;
				INFOPLIST_FILE = Operaion/Info.plist;
				LD_RUNPATH_SEARCH_PATHS = (
					"$(inherited)",
					"@executable_path/Frameworks",
				);
				PRODUCT_BUNDLE_IDENTIFIER = KD.Operaion;
				PRODUCT_NAME = "$(TARGET_NAME)";
				TARGETED_DEVICE_FAMILY = "1,2";
			};
			name = Release;
		};
/* End XCBuildConfiguration section */

/* Begin XCConfigurationList section */
		C87BA42922649840004BE018 /* Build configuration list for PBXProject "Operaion" */ = {
			isa = XCConfigurationList;
			buildConfigurations = (
				C87BA44222649841004BE018 /* Debug */,
				C87BA44322649841004BE018 /* Release */,
			);
			defaultConfigurationIsVisible = 0;
			defaultConfigurationName = Release;
		};
		C87BA44422649841004BE018 /* Build configuration list for PBXNativeTarget "Operaion" */ = {
			isa = XCConfigurationList;
			buildConfigurations = (
				C87BA44522649841004BE018 /* Debug */,
				C87BA44622649841004BE018 /* Release */,
			);
			defaultConfigurationIsVisible = 0;
			defaultConfigurationName = Release;
		};
/* End XCConfigurationList section */
	};
	rootObject = C87BA42622649840004BE018 /* Project object */;
}
